
Microsoft Visual Studio Solution File, Format Version 12.00
# Visual Studio Version 16
VisualStudioVersion = 16.0.30523.141
MinimumVisualStudioVersion = 10.0.40219.1
Project("{FAE04EC0-301F-11D3-BF4B-00C04F79EFBC}") = "OETeacherToolkit", "OETeacherToolkit\OETeacherToolkit.csproj", "{C54CFD71-EADD-441E-BD0B-8AFD1EC43C2F}"
EndProject
Global
	GlobalSection(SolutionConfigurationPlatforms) = preSolution
		Debug|Any CPU = Debug|Any CPU
		Release|Any CPU = Release|Any CPU
	EndGlobalSection
	GlobalSection(ProjectConfigurationPlatforms) = postSolution
		{C54CFD71-EADD-441E-BD0B-8AFD1EC43C2F}.Debug|Any CPU.ActiveCfg = Debug|Any CPU
		{C54CFD71-EADD-441E-BD0B-8AFD1EC43C2F}.Debug|Any CPU.Build.0 = Debug|Any CPU
		{C54CFD71-EADD-441E-BD0B-8AFD1EC43C2F}.Release|Any CPU.ActiveCfg = Release|Any CPU
		{C54CFD71-EADD-441E-BD0B-8AFD1EC43C2F}.Release|Any CPU.Build.0 = Release|Any CPU
	EndGlobalSection
	GlobalSection(SolutionProperties) = preSolution
		HideSolutionNode = FALSE
	EndGlobalSection
	GlobalSection(ExtensibilityGlobals) = postSolution
		SolutionGuid = {04BB3F34-5CCD-4040-89C1-5400EDDFDFB0}
	EndGlobalSection
EndGlobal
